{
    "name": "CoinBrowser",
    "version": "1.0.0",
    "lockfileVersion": 1,
    "requires": true,
    "dependencies": {
        "total.js": {
            "version": "2.9.1",
            "resolved": "https://registry.npmjs.org/total.js/-/total.js-2.9.1.tgz",
            "integrity": "sha512-VOZ/r0IMCI9ah5aAoyAHM2+L3STRKFBoNjZKbNOqLlg5U9duNxkV3R75owEMnEyG/40uI3Joy75d2xQATqDGvQ=="
        }
    }
}
